// !$*UTF8*$!
{
	archiveVersion = 1;
	classes = {
	};
	objectVersion = 55;
	objects = {

/* Begin PBXBuildFile section */
		A65D80DD2AAB3C190091220A /* CharacterTableViewCell.swift in Sources */ = {isa = PBXBuildFile; fileRef = A65D80DC2AAB3C180091220A /* CharacterTableViewCell.swift */; };
		A689E2B72897EF6D00890DB4 /* AppDelegate.swift in Sources */ = {isa = PBXBuildFile; fileRef = A689E2B62897EF6D00890DB4 /* AppDelegate.swift */; };
		A689E2B92897EF6D00890DB4 /* SceneDelegate.swift in Sources */ = {isa = PBXBuildFile; fileRef = A689E2B82897EF6D00890DB4 /* SceneDelegate.swift */; };
		A689E2BB2897EF6D00890DB4 /* CharactersTableViewController.swift in Sources */ = {isa = PBXBuildFile; fileRef = A689E2BA2897EF6D00890DB4 /* CharactersTableViewController.swift */; };
		A689E2BE2897EF6D00890DB4 /* Main.storyboard in Resources */ = {isa = PBXBuildFile; fileRef = A689E2BC2897EF6D00890DB4 /* Main.storyboard */; };
		A689E2C02897EF7000890DB4 /* Assets.xcassets in Resources */ = {isa = PBXBuildFile; fileRef = A689E2BF2897EF7000890DB4 /* Assets.xcassets */; };
		A689E2C32897EF7000890DB4 /* LaunchScreen.storyboard in Resources */ = {isa = PBXBuildFile; fileRef = A689E2C12897EF7000890DB4 /* LaunchScreen.storyboard */; };
		A689E2CD2897FA4100890DB4 /* APIService.swift in Sources */ = {isa = PBXBuildFile; fileRef = A689E2CC2897FA4100890DB4 /* APIService.swift */; };
		A689E2D0289801D000890DB4 /* CharacterModel.swift in Sources */ = {isa = PBXBuildFile; fileRef = A689E2CF289801D000890DB4 /* CharacterModel.swift */; };
		A689E2D2289A943000890DB4 /* Constans.swift in Sources */ = {isa = PBXBuildFile; fileRef = A689E2D1289A943000890DB4 /* Constans.swift */; };
		A6B3CB592ABB2EDE0054D6C6 /* DescriptionCharacterViewController.swift in Sources */ = {isa = PBXBuildFile; fileRef = A6B3CB582ABB2EDE0054D6C6 /* DescriptionCharacterViewController.swift */; };
		BF0BE775E0FEC82DD2AA6257 /* Pods_Marvel_API.framework in Frameworks */ = {isa = PBXBuildFile; fileRef = B9782B170F577141DBCACF21 /* Pods_Marvel_API.framework */; };
/* End PBXBuildFile section */

/* Begin PBXFileReference section */
		372B320E2D0129751B53525E /* Pods-Marvel_API.release.xcconfig */ = {isa = PBXFileReference; includeInIndex = 1; lastKnownFileType = text.xcconfig; name = "Pods-Marvel_API.release.xcconfig"; path = "Target Support Files/Pods-Marvel_API/Pods-Marvel_API.release.xcconfig"; sourceTree = "<group>"; };
		93169BB40ADF09A25F714C0C /* Pods-Marvel_API.debug.xcconfig */ = {isa = PBXFileReference; includeInIndex = 1; lastKnownFileType = text.xcconfig; name = "Pods-Marvel_API.debug.xcconfig"; path = "Target Support Files/Pods-Marvel_API/Pods-Marvel_API.debug.xcconfig"; sourceTree = "<group>"; };
		A65D80DC2AAB3C180091220A /* CharacterTableViewCell.swift */ = {isa = PBXFileReference; lastKnownFileType = sourcecode.swift; path = CharacterTableViewCell.swift; sourceTree = "<group>"; };
		A689E2B32897EF6D00890DB4 /* Marvel_API.app */ = {isa = PBXFileReference; explicitFileType = wrapper.application; includeInIndex = 0; path = Marvel_API.app; sourceTree = BUILT_PRODUCTS_DIR; };
		A689E2B62897EF6D00890DB4 /* AppDelegate.swift */ = {isa = PBXFileReference; lastKnownFileType = sourcecode.swift; path = AppDelegate.swift; sourceTree = "<group>"; };
		A689E2B82897EF6D00890DB4 /* SceneDelegate.swift */ = {isa = PBXFileReference; lastKnownFileType = sourcecode.swift; path = SceneDelegate.swift; sourceTree = "<group>"; };
		A689E2BA2897EF6D00890DB4 /* CharactersTableViewController.swift */ = {isa = PBXFileReference; lastKnownFileType = sourcecode.swift; path = CharactersTableViewController.swift; sourceTree = "<group>"; };
		A689E2BD2897EF6D00890DB4 /* Base */ = {isa = PBXFileReference; lastKnownFileType = file.storyboard; name = Base; path = Base.lproj/Main.storyboard; sourceTree = "<group>"; };
		A689E2BF2897EF7000890DB4 /* Assets.xcassets */ = {isa = PBXFileReference; lastKnownFileType = folder.assetcatalog; path = Assets.xcassets; sourceTree = "<group>"; };
		A689E2C22897EF7000890DB4 /* Base */ = {isa = PBXFileReference; lastKnownFileType = file.storyboard; name = Base; path = Base.lproj/LaunchScreen.storyboard; sourceTree = "<group>"; };
		A689E2C42897EF7000890DB4 /* Info.plist */ = {isa = PBXFileReference; lastKnownFileType = text.plist.xml; path = Info.plist; sourceTree = "<group>"; };
		A689E2CC2897FA4100890DB4 /* APIService.swift */ = {isa = PBXFileReference; lastKnownFileType = sourcecode.swift; path = APIService.swift; sourceTree = "<group>"; };
		A689E2CF289801D000890DB4 /* CharacterModel.swift */ = {isa = PBXFileReference; lastKnownFileType = sourcecode.swift; path = CharacterModel.swift; sourceTree = "<group>"; };
		A689E2D1289A943000890DB4 /* Constans.swift */ = {isa = PBXFileReference; lastKnownFileType = sourcecode.swift; path = Constans.swift; sourceTree = "<group>"; };
		A6B3CB582ABB2EDE0054D6C6 /* DescriptionCharacterViewController.swift */ = {isa = PBXFileReference; lastKnownFileType = sourcecode.swift; path = DescriptionCharacterViewController.swift; sourceTree = "<group>"; };
		B9782B170F577141DBCACF21 /* Pods_Marvel_API.framework */ = {isa = PBXFileReference; explicitFileType = wrapper.framework; includeInIndex = 0; path = Pods_Marvel_API.framework; sourceTree = BUILT_PRODUCTS_DIR; };
/* End PBXFileReference section */

/* Begin PBXFrameworksBuildPhase section */
		A689E2B02897EF6D00890DB4 /* Frameworks */ = {
			isa = PBXFrameworksBuildPhase;
			buildActionMask = 2147483647;
			files = (
				BF0BE775E0FEC82DD2AA6257 /* Pods_Marvel_API.framework in Frameworks */,
			);
			runOnlyForDeploymentPostprocessing = 0;
		};
/* End PBXFrameworksBuildPhase section */

/* Begin PBXGroup section */
		66D5A63495C9C884A1ACD2E2 /* Pods */ = {
			isa = PBXGroup;
			children = (
				93169BB40ADF09A25F714C0C /* Pods-Marvel_API.debug.xcconfig */,
				372B320E2D0129751B53525E /* Pods-Marvel_API.release.xcconfig */,
			);
			path = Pods;
			sourceTree = "<group>";
		};
		6DFF42150B5EF7A88BC6FA8C /* Frameworks */ = {
			isa = PBXGroup;
			children = (
				B9782B170F577141DBCACF21 /* Pods_Marvel_API.framework */,
			);
			name = Frameworks;
			sourceTree = "<group>";
		};
		A689E2AA2897EF6D00890DB4 = {
			isa = PBXGroup;
			children = (
				A689E2B52897EF6D00890DB4 /* Marvel_API */,
				A689E2B42897EF6D00890DB4 /* Products */,
				66D5A63495C9C884A1ACD2E2 /* Pods */,
				6DFF42150B5EF7A88BC6FA8C /* Frameworks */,
			);
			sourceTree = "<group>";
		};
		A689E2B42897EF6D00890DB4 /* Products */ = {
			isa = PBXGroup;
			children = (
				A689E2B32897EF6D00890DB4 /* Marvel_API.app */,
			);
			name = Products;
			sourceTree = "<group>";
		};
		A689E2B52897EF6D00890DB4 /* Marvel_API */ = {
			isa = PBXGroup;
			children = (
				A689E2B62897EF6D00890DB4 /* AppDelegate.swift */,
				A689E2B82897EF6D00890DB4 /* SceneDelegate.swift */,
				A689E2D1289A943000890DB4 /* Constans.swift */,
				A689E2CE289801BB00890DB4 /* Model */,
				A689E2CB2897FA1700890DB4 /* NetworkManager */,
				A689E2CA2897FA0600890DB4 /* ViewController */,
				A689E2BC2897EF6D00890DB4 /* Main.storyboard */,
				A689E2BF2897EF7000890DB4 /* Assets.xcassets */,
				A689E2C12897EF7000890DB4 /* LaunchScreen.storyboard */,
				A689E2C42897EF7000890DB4 /* Info.plist */,
			);
			path = Marvel_API;
			sourceTree = "<group>";
		};
		A689E2CA2897FA0600890DB4 /* ViewController */ = {
			isa = PBXGroup;
			children = (
				A689E2BA2897EF6D00890DB4 /* CharactersTableViewController.swift */,
				A65D80DC2AAB3C180091220A /* CharacterTableViewCell.swift */,
				A6B3CB582ABB2EDE0054D6C6 /* DescriptionCharacterViewController.swift */,
			);
			path = ViewController;
			sourceTree = "<group>";
		};
		A689E2CB2897FA1700890DB4 /* NetworkManager */ = {
			isa = PBXGroup;
			children = (
				A689E2CC2897FA4100890DB4 /* APIService.swift */,
			);
			path = NetworkManager;
			sourceTree = "<group>";
		};
		A689E2CE289801BB00890DB4 /* Model */ = {
			isa = PBXGroup;
			children = (
				A689E2CF289801D000890DB4 /* CharacterModel.swift */,
			);
			path = Model;
			sourceTree = "<group>";
		};
/* End PBXGroup section */

/* Begin PBXNativeTarget section */
		A689E2B22897EF6D00890DB4 /* Marvel_API */ = {
			isa = PBXNativeTarget;
			buildConfigurationList = A689E2C72897EF7000890DB4 /* Build configuration list for PBXNativeTarget "Marvel_API" */;
			buildPhases = (
				26140DFA03E92FAF7F0308D9 /* [CP] Check Pods Manifest.lock */,
				A689E2AF2897EF6D00890DB4 /* Sources */,
				A689E2B02897EF6D00890DB4 /* Frameworks */,
				A689E2B12897EF6D00890DB4 /* Resources */,
				D8E59F3389107DE015427C26 /* [CP] Embed Pods Frameworks */,
			);
			buildRules = (
			);
			dependencies = (
			);
			name = Marvel_API;
			productName = Marvel_API;
			productReference = A689E2B32897EF6D00890DB4 /* Marvel_API.app */;
			productType = "com.apple.product-type.application";
		};
/* End PBXNativeTarget section */

/* Begin PBXProject section */
		A689E2AB2897EF6D00890DB4 /* Project object */ = {
			isa = PBXProject;
			attributes = {
				BuildIndependentTargetsInParallel = 1;
				LastSwiftUpdateCheck = 1340;
				LastUpgradeCheck = 1340;
				TargetAttributes = {
					A689E2B22897EF6D00890DB4 = {
						CreatedOnToolsVersion = 13.4.1;
					};
				};
			};
			buildConfigurationList = A689E2AE2897EF6D00890DB4 /* Build configuration list for PBXProject "Marvel_API" */;
			compatibilityVersion = "Xcode 13.0";
			developmentRegion = en;
			hasScannedForEncodings = 0;
			knownRegions = (
				en,
				Base,
			);
			mainGroup = A689E2AA2897EF6D00890DB4;
			productRefGroup = A689E2B42897EF6D00890DB4 /* Products */;
			projectDirPath = "";
			projectRoot = "";
			targets = (
				A689E2B22897EF6D00890DB4 /* Marvel_API */,
			);
		};
/* End PBXProject section */

/* Begin PBXResourcesBuildPhase section */
		A689E2B12897EF6D00890DB4 /* Resources */ = {
			isa = PBXResourcesBuildPhase;
			buildActionMask = 2147483647;
			files = (
				A689E2C32897EF7000890DB4 /* LaunchScreen.storyboard in Resources */,
				A689E2C02897EF7000890DB4 /* Assets.xcassets in Resources */,
				A689E2BE2897EF6D00890DB4 /* Main.storyboard in Resources */,
			);
			runOnlyForDeploymentPostprocessing = 0;
		};
/* End PBXResourcesBuildPhase section */

/* Begin PBXShellScriptBuildPhase section */
		26140DFA03E92FAF7F0308D9 /* [CP] Check Pods Manifest.lock */ = {
			isa = PBXShellScriptBuildPhase;
			buildActionMask = 2147483647;
			files = (
			);
			inputFileListPaths = (
			);
			inputPaths = (
				"${PODS_PODFILE_DIR_PATH}/Podfile.lock",
				"${PODS_ROOT}/Manifest.lock",
			);
			name = "[CP] Check Pods Manifest.lock";
			outputFileListPaths = (
			);
			outputPaths = (
				"$(DERIVED_FILE_DIR)/Pods-Marvel_API-checkManifestLockResult.txt",
			);
			runOnlyForDeploymentPostprocessing = 0;
			shellPath = /bin/sh;
			shellScript = "diff \"${PODS_PODFILE_DIR_PATH}/Podfile.lock\" \"${PODS_ROOT}/Manifest.lock\" > /dev/null\nif [ $? != 0 ] ; then\n    # print error to STDERR\n    echo \"error: The sandbox is not in sync with the Podfile.lock. Run 'pod install' or update your CocoaPods installation.\" >&2\n    exit 1\nfi\n# This output is used by Xcode 'outputs' to avoid re-running this script phase.\necho \"SUCCESS\" > \"${SCRIPT_OUTPUT_FILE_0}\"\n";
			showEnvVarsInLog = 0;
		};
		D8E59F3389107DE015427C26 /* [CP] Embed Pods Frameworks */ = {
			isa = PBXShellScriptBuildPhase;
			buildActionMask = 2147483647;
			files = (
			);
			inputFileListPaths = (
				"${PODS_ROOT}/Target Support Files/Pods-Marvel_API/Pods-Marvel_API-frameworks-${CONFIGURATION}-input-files.xcfilelist",
			);
			name = "[CP] Embed Pods Frameworks";
			outputFileListPaths = (
				"${PODS_ROOT}/Target Support Files/Pods-Marvel_API/Pods-Marvel_API-frameworks-${CONFIGURATION}-output-files.xcfilelist",
			);
			runOnlyForDeploymentPostprocessing = 0;
			shellPath = /bin/sh;
			shellScript = "\"${PODS_ROOT}/Target Support Files/Pods-Marvel_API/Pods-Marvel_API-frameworks.sh\"\n";
			showEnvVarsInLog = 0;
		};
/* End PBXShellScriptBuildPhase section */

/* Begin PBXSourcesBuildPhase section */
		A689E2AF2897EF6D00890DB4 /* Sources */ = {
			isa = PBXSourcesBuildPhase;
			buildActionMask = 2147483647;
			files = (
				A689E2D0289801D000890DB4 /* CharacterModel.swift in Sources */,
				A6B3CB592ABB2EDE0054D6C6 /* DescriptionCharacterViewController.swift in Sources */,
				A65D80DD2AAB3C190091220A /* CharacterTableViewCell.swift in Sources */,
				A689E2CD2897FA4100890DB4 /* APIService.swift in Sources */,
				A689E2D2289A943000890DB4 /* Constans.swift in Sources */,
				A689E2BB2897EF6D00890DB4 /* CharactersTableViewController.swift in Sources */,
				A689E2B72897EF6D00890DB4 /* AppDelegate.swift in Sources */,
				A689E2B92897EF6D00890DB4 /* SceneDelegate.swift in Sources */,
			);
			runOnlyForDeploymentPostprocessing = 0;
		};
/* End PBXSourcesBuildPhase section */

/* Begin PBXVariantGroup section */
		A689E2BC2897EF6D00890DB4 /* Main.storyboard */ = {
			isa = PBXVariantGroup;
			children = (
				A689E2BD2897EF6D00890DB4 /* Base */,
			);
			name = Main.storyboard;
			sourceTree = "<group>";
		};
		A689E2C12897EF7000890DB4 /* LaunchScreen.storyboard */ = {
			isa = PBXVariantGroup;
			children = (
				A689E2C22897EF7000890DB4 /* Base */,
			);
			name = LaunchScreen.storyboard;
			sourceTree = "<group>";
		};
/* End PBXVariantGroup section */

/* Begin XCBuildConfiguration section */
		A689E2C52897EF7000890DB4 /* Debug */ = {
			isa = XCBuildConfiguration;
			buildSettings = {
				ALWAYS_SEARCH_USER_PATHS = NO;
				CLANG_ANALYZER_NONNULL = YES;
				CLANG_ANALYZER_NUMBER_OBJECT_CONVERSION = YES_AGGRESSIVE;
				CLANG_CXX_LANGUAGE_STANDARD = "gnu++17";
				CLANG_ENABLE_MODULES = YES;
				CLANG_ENABLE_OBJC_ARC = YES;
				CLANG_ENABLE_OBJC_WEAK = YES;
				CLANG_WARN_BLOCK_CAPTURE_AUTORELEASING = YES;
				CLANG_WARN_BOOL_CONVERSION = YES;
				CLANG_WARN_COMMA = YES;
				CLANG_WARN_CONSTANT_CONVERSION = YES;
				CLANG_WARN_DEPRECATED_OBJC_IMPLEMENTATIONS = YES;
				CLANG_WARN_DIRECT_OBJC_ISA_USAGE = YES_ERROR;
				CLANG_WARN_DOCUMENTATION_COMMENTS = YES;
				CLANG_WARN_EMPTY_BODY = YES;
				CLANG_WARN_ENUM_CONVERSION = YES;
				CLANG_WARN_INFINITE_RECURSION = YES;
				CLANG_WARN_INT_CONVERSION = YES;
				CLANG_WARN_NON_LITERAL_NULL_CONVERSION = YES;
				CLANG_WARN_OBJC_IMPLICIT_RETAIN_SELF = YES;
				CLANG_WARN_OBJC_LITERAL_CONVERSION = YES;
				CLANG_WARN_OBJC_ROOT_CLASS = YES_ERROR;
				CLANG_WARN_QUOTED_INCLUDE_IN_FRAMEWORK_HEADER = YES;
				CLANG_WARN_RANGE_LOOP_ANALYSIS = YES;
				CLANG_WARN_STRICT_PROTOTYPES = YES;
				CLANG_WARN_SUSPICIOUS_MOVE = YES;
				CLANG_WARN_UNGUARDED_AVAILABILITY = YES_AGGRESSIVE;
				CLANG_WARN_UNREACHABLE_CODE = YES;
				CLANG_WARN__DUPLICATE_METHOD_MATCH = YES;
				COPY_PHASE_STRIP = NO;
				DEBUG_INFORMATION_FORMAT = dwarf;
				ENABLE_STRICT_OBJC_MSGSEND = YES;
				ENABLE_TESTABILITY = YES;
				GCC_C_LANGUAGE_STANDARD = gnu11;
				GCC_DYNAMIC_NO_PIC = NO;
				GCC_NO_COMMON_BLOCKS = YES;
				GCC_OPTIMIZATION_LEVEL = 0;
				GCC_PREPROCESSOR_DEFINITIONS = (
					"DEBUG=1",
					"$(inherited)",
				);
				GCC_WARN_64_TO_32_BIT_CONVERSION = YES;
				GCC_WARN_ABOUT_RETURN_TYPE = YES_ERROR;
				GCC_WARN_UNDECLARED_SELECTOR = YES;
				GCC_WARN_UNINITIALIZED_AUTOS = YES_AGGRESSIVE;
				GCC_WARN_UNUSED_FUNCTION = YES;
				GCC_WARN_UNUSED_VARIABLE = YES;
				IPHONEOS_DEPLOYMENT_TARGET = 15.5;
				MTL_ENABLE_DEBUG_INFO = INCLUDE_SOURCE;
				MTL_FAST_MATH = YES;
				ONLY_ACTIVE_ARCH = YES;
				SDKROOT = iphoneos;
				SWIFT_ACTIVE_COMPILATION_CONDITIONS = DEBUG;
				SWIFT_OPTIMIZATION_LEVEL = "-Onone";
			};
			name = Debug;
		};
		A689E2C62897EF7000890DB4 /* Release */ = {
			isa = XCBuildConfiguration;
			buildSettings = {
				ALWAYS_SEARCH_USER_PATHS = NO;
				CLANG_ANALYZER_NONNULL = YES;
				CLANG_ANALYZER_NUMBER_OBJECT_CONVERSION = YES_AGGRESSIVE;
				CLANG_CXX_LANGUAGE_STANDARD = "gnu++17";
				CLANG_ENABLE_MODULES = YES;
				CLANG_ENABLE_OBJC_ARC = YES;
				CLANG_ENABLE_OBJC_WEAK = YES;
				CLANG_WARN_BLOCK_CAPTURE_AUTORELEASING = YES;
				CLANG_WARN_BOOL_CONVERSION = YES;
				CLANG_WARN_COMMA = YES;
				CLANG_WARN_CONSTANT_CONVERSION = YES;
				CLANG_WARN_DEPRECATED_OBJC_IMPLEMENTATIONS = YES;
				CLANG_WARN_DIRECT_OBJC_ISA_USAGE = YES_ERROR;
				CLANG_WARN_DOCUMENTATION_COMMENTS = YES;
				CLANG_WARN_EMPTY_BODY = YES;
				CLANG_WARN_ENUM_CONVERSION = YES;
				CLANG_WARN_INFINITE_RECURSION = YES;
				CLANG_WARN_INT_CONVERSION = YES;
				CLANG_WARN_NON_LITERAL_NULL_CONVERSION = YES;
				CLANG_WARN_OBJC_IMPLICIT_RETAIN_SELF = YES;
				CLANG_WARN_OBJC_LITERAL_CONVERSION = YES;
				CLANG_WARN_OBJC_ROOT_CLASS = YES_ERROR;
				CLANG_WARN_QUOTED_INCLUDE_IN_FRAMEWORK_HEADER = YES;
				CLANG_WARN_RANGE_LOOP_ANALYSIS = YES;
				CLANG_WARN_STRICT_PROTOTYPES = YES;
				CLANG_WARN_SUSPICIOUS_MOVE = YES;
				CLANG_WARN_UNGUARDED_AVAILABILITY = YES_AGGRESSIVE;
				CLANG_WARN_UNREACHABLE_CODE = YES;
				CLANG_WARN__DUPLICATE_METHOD_MATCH = YES;
				COPY_PHASE_STRIP = NO;
				DEBUG_INFORMATION_FORMAT = "dwarf-with-dsym";
				ENABLE_NS_ASSERTIONS = NO;
				ENABLE_STRICT_OBJC_MSGSEND = YES;
				GCC_C_LANGUAGE_STANDARD = gnu11;
				GCC_NO_COMMON_BLOCKS = YES;
				GCC_WARN_64_TO_32_BIT_CONVERSION = YES;
				GCC_WARN_ABOUT_RETURN_TYPE = YES_ERROR;
				GCC_WARN_UNDECLARED_SELECTOR = YES;
				GCC_WARN_UNINITIALIZED_AUTOS = YES_AGGRESSIVE;
				GCC_WARN_UNUSED_FUNCTION = YES;
				GCC_WARN_UNUSED_VARIABLE = YES;
				IPHONEOS_DEPLOYMENT_TARGET = 15.5;
				MTL_ENABLE_DEBUG_INFO = NO;
				MTL_FAST_MATH = YES;
				SDKROOT = iphoneos;
				SWIFT_COMPILATION_MODE = wholemodule;
				SWIFT_OPTIMIZATION_LEVEL = "-O";
				VALIDATE_PRODUCT = YES;
			};
			name = Release;
		};
		A689E2C82897EF7000890DB4 /* Debug */ = {
			isa = XCBuildConfiguration;
			baseConfigurationReference = 93169BB40ADF09A25F714C0C /* Pods-Marvel_API.debug.xcconfig */;
			buildSettings = {
				ASSETCATALOG_COMPILER_APPICON_NAME = AppIcon;
				ASSETCATALOG_COMPILER_GLOBAL_ACCENT_COLOR_NAME = AccentColor;
				CODE_SIGN_STYLE = Automatic;
				CURRENT_PROJECT_VERSION = 1;
				DEVELOPMENT_TEAM = A4647YNHF8;
				GENERATE_INFOPLIST_FILE = YES;
				INFOPLIST_FILE = Marvel_API/Info.plist;
				INFOPLIST_KEY_UIApplicationSupportsIndirectInputEvents = YES;
				INFOPLIST_KEY_UILaunchStoryboardName = LaunchScreen;
				INFOPLIST_KEY_UIMainStoryboardFile = Main;
				INFOPLIST_KEY_UISupportedInterfaceOrientations_iPad = "UIInterfaceOrientationPortrait UIInterfaceOrientationPortraitUpsideDown UIInterfaceOrientationLandscapeLeft UIInterfaceOrientationLandscapeRight";
				INFOPLIST_KEY_UISupportedInterfaceOrientations_iPhone = "UIInterfaceOrientationPortrait UIInterfaceOrientationLandscapeLeft UIInterfaceOrientationLandscapeRight";
				LD_RUNPATH_SEARCH_PATHS = (
					"$(inherited)",
					"@executable_path/Frameworks",
				);
				MARKETING_VERSION = 1.0;
				PRODUCT_BUNDLE_IDENTIFIER = "Evangelina-Klyukay.Marvel-API";
				PRODUCT_NAME = "$(TARGET_NAME)";
				SWIFT_EMIT_LOC_STRINGS = YES;
				SWIFT_VERSION = 5.0;
				TARGETED_DEVICE_FAMILY = "1,2";
			};
			name = Debug;
		};
		A689E2C92897EF7000890DB4 /* Release */ = {
			isa = XCBuildConfiguration;
			baseConfigurationReference = 372B320E2D0129751B53525E /* Pods-Marvel_API.release.xcconfig */;
			buildSettings = {
				ASSETCATALOG_COMPILER_APPICON_NAME = AppIcon;
				ASSETCATALOG_COMPILER_GLOBAL_ACCENT_COLOR_NAME = AccentColor;
				CODE_SIGN_STYLE = Automatic;
				CURRENT_PROJECT_VERSION = 1;
				DEVELOPMENT_TEAM = A4647YNHF8;
				GENERATE_INFOPLIST_FILE = YES;
				INFOPLIST_FILE = Marvel_API/Info.plist;
				INFOPLIST_KEY_UIApplicationSupportsIndirectInputEvents = YES;
				INFOPLIST_KEY_UILaunchStoryboardName = LaunchScreen;
				INFOPLIST_KEY_UIMainStoryboardFile = Main;
				INFOPLIST_KEY_UISupportedInterfaceOrientations_iPad = "UIInterfaceOrientationPortrait UIInterfaceOrientationPortraitUpsideDown UIInterfaceOrientationLandscapeLeft UIInterfaceOrientationLandscapeRight";
				INFOPLIST_KEY_UISupportedInterfaceOrientations_iPhone = "UIInterfaceOrientationPortrait UIInterfaceOrientationLandscapeLeft UIInterfaceOrientationLandscapeRight";
				LD_RUNPATH_SEARCH_PATHS = (
					"$(inherited)",
					"@executable_path/Frameworks",
				);
				MARKETING_VERSION = 1.0;
				PRODUCT_BUNDLE_IDENTIFIER = "Evangelina-Klyukay.Marvel-API";
				PRODUCT_NAME = "$(TARGET_NAME)";
				SWIFT_EMIT_LOC_STRINGS = YES;
				SWIFT_VERSION = 5.0;
				TARGETED_DEVICE_FAMILY = "1,2";
			};
			name = Release;
		};
/* End XCBuildConfiguration section */

/* Begin XCConfigurationList section */
		A689E2AE2897EF6D00890DB4 /* Build configuration list for PBXProject "Marvel_API" */ = {
			isa = XCConfigurationList;
			buildConfigurations = (
				A689E2C52897EF7000890DB4 /* Debug */,
				A689E2C62897EF7000890DB4 /* Release */,
			);
			defaultConfigurationIsVisible = 0;
			defaultConfigurationName = Release;
		};
		A689E2C72897EF7000890DB4 /* Build configuration list for PBXNativeTarget "Marvel_API" */ = {
			isa = XCConfigurationList;
			buildConfigurations = (
				A689E2C82897EF7000890DB4 /* Debug */,
				A689E2C92897EF7000890DB4 /* Release */,
			);
			defaultConfigurationIsVisible = 0;
			defaultConfigurationName = Release;
		};
/* End XCConfigurationList section */
	};
	rootObject = A689E2AB2897EF6D00890DB4 /* Project object */;
}
